// !$*UTF8*$!
{
	archiveVersion = 1;
	classes = {
	};
	objectVersion = 46;
	objects = {

/* Begin PBXBuildFile section */
		F91B7B0D1E96EE7C00EB37DD /* AppDelegate.swift in Sources */ = {isa = PBXBuildFile; fileRef = F91B7B0C1E96EE7C00EB37DD /* AppDelegate.swift */; };
		F91B7B0F1E96EE7C00EB37DD /* ViewController.swift in Sources */ = {isa = PBXBuildFile; fileRef = F91B7B0E1E96EE7C00EB37DD /* ViewController.swift */; };
		F91B7B121E96EE7C00EB37DD /* Main.storyboard in Resources */ = {isa = PBXBuildFile; fileRef = F91B7B101E96EE7C00EB37DD /* Main.storyboard */; };
		F91B7B141E96EE7C00EB37DD /* Assets.xcassets in Resources */ = {isa = PBXBuildFile; fileRef = F91B7B131E96EE7C00EB37DD /* Assets.xcassets */; };
		F91B7B171E96EE7C00EB37DD /* LaunchScreen.storyboard in Resources */ = {isa = PBXBuildFile; fileRef = F91B7B151E96EE7C00EB37DD /* LaunchScreen.storyboard */; };
/* End PBXBuildFile section */

/* Begin PBXFileReference section */
		F91B7B091E96EE7C00EB37DD /* Curiosity.app */ = {isa = PBXFileReference; explicitFileType = wrapper.application; includeInIndex = 0; path = Curiosity.app; sourceTree = BUILT_PRODUCTS_DIR; };
		F91B7B0C1E96EE7C00EB37DD /* AppDelegate.swift */ = {isa = PBXFileReference; lastKnownFileType = sourcecode.swift; path = AppDelegate.swift; sourceTree = "<group>"; };
		F91B7B0E1E96EE7C00EB37DD /* ViewController.swift */ = {isa = PBXFileReference; lastKnownFileType = sourcecode.swift; path = ViewController.swift; sourceTree = "<group>"; };
		F91B7B111E96EE7C00EB37DD /* Base */ = {isa = PBXFileReference; lastKnownFileType = file.storyboard; name = Base; path = Base.lproj/Main.storyboard; sourceTree = "<group>"; };
		F91B7B131E96EE7C00EB37DD /* Assets.xcassets */ = {isa = PBXFileReference; lastKnownFileType = folder.assetcatalog; path = Assets.xcassets; sourceTree = "<group>"; };
		F91B7B161E96EE7C00EB37DD /* Base */ = {isa = PBXFileReference; lastKnownFileType = file.storyboard; name = Base; path = Base.lproj/LaunchScreen.storyboard; sourceTree = "<group>"; };
		F91B7B181E96EE7C00EB37DD /* Info.plist */ = {isa = PBXFileReference; lastKnownFileType = text.plist.xml; path = Info.plist; sourceTree = "<group>"; };
/* End PBXFileReference section */

/* Begin PBXFrameworksBuildPhase section */
		F91B7B061E96EE7C00EB37DD /* Frameworks */ = {
			isa = PBXFrameworksBuildPhase;
			buildActionMask = 2147483647;
			files = (
			);
			runOnlyForDeploymentPostprocessing = 0;
		};
/* End PBXFrameworksBuildPhase section */

/* Begin PBXGroup section */
		F91B7B001E96EE7C00EB37DD = {
			isa = PBXGroup;
			children = (
				F91B7B0B1E96EE7C00EB37DD /* Curiosity */,
				F91B7B0A1E96EE7C00EB37DD /* Products */,
			);
			sourceTree = "<group>";
		};
		F91B7B0A1E96EE7C00EB37DD /* Products */ = {
			isa = PBXGroup;
			children = (
				F91B7B091E96EE7C00EB37DD /* Curiosity.app */,
			);
			name = Products;
			sourceTree = "<group>";
		};
		F91B7B0B1E96EE7C00EB37DD /* Curiosity */ = {
			isa = PBXGroup;
			children = (
				F91B7B0C1E96EE7C00EB37DD /* AppDelegate.swift */,
				F91B7B0E1E96EE7C00EB37DD /* ViewController.swift */,
				F91B7B101E96EE7C00EB37DD /* Main.storyboard */,
				F91B7B131E96EE7C00EB37DD /* Assets.xcassets */,
				F91B7B151E96EE7C00EB37DD /* LaunchScreen.storyboard */,
				F91B7B181E96EE7C00EB37DD /* Info.plist */,
			);
			path = Curiosity;
			sourceTree = "<group>";
		};
/* End PBXGroup section */

/* Begin PBXNativeTarget section */
		F91B7B081E96EE7C00EB37DD /* Curiosity */ = {
			isa = PBXNativeTarget;
			buildConfigurationList = F91B7B1B1E96EE7C00EB37DD /* Build configuration list for PBXNativeTarget "Curiosity" */;
			buildPhases = (
				F91B7B051E96EE7C00EB37DD /* Sources */,
				F91B7B061E96EE7C00EB37DD /* Frameworks */,
				F91B7B071E96EE7C00EB37DD /* Resources */,
			);
			buildRules = (
			);
			dependencies = (
			);
			name = Curiosity;
			productName = Curiosity;
			productReference = F91B7B091E96EE7C00EB37DD /* Curiosity.app */;
			productType = "com.apple.product-type.application";
		};
/* End PBXNativeTarget section */

/* Begin PBXProject section */
		F91B7B011E96EE7C00EB37DD /* Project object */ = {
			isa = PBXProject;
			attributes = {
				LastSwiftUpdateCheck = 0820;
				LastUpgradeCheck = 0820;
				ORGANIZATIONNAME = Ashok;
				TargetAttributes = {
					F91B7B081E96EE7C00EB37DD = {
						CreatedOnToolsVersion = 8.2.1;
						DevelopmentTeam = VLW59PB552;
						ProvisioningStyle = Automatic;
					};
				};
			};
			buildConfigurationList = F91B7B041E96EE7C00EB37DD /* Build configuration list for PBXProject "Curiosity" */;
			compatibilityVersion = "Xcode 3.2";
			developmentRegion = English;
			hasScannedForEncodings = 0;
			knownRegions = (
				en,
				Base,
			);
			mainGroup = F91B7B001E96EE7C00EB37DD;
			productRefGroup = F91B7B0A1E96EE7C00EB37DD /* Products */;
			projectDirPath = "";
			projectRoot = "";
			targets = (
				F91B7B081E96EE7C00EB37DD /* Curiosity */,
			);
		};
/* End PBXProject section */

/* Begin PBXResourcesBuildPhase section */
		F91B7B071E96EE7C00EB37DD /* Resources */ = {
			isa = PBXResourcesBuildPhase;
			buildActionMask = 2147483647;
			files = (
				F91B7B171E96EE7C00EB37DD /* LaunchScreen.storyboard in Resources */,
				F91B7B141E96EE7C00EB37DD /* Assets.xcassets in Resources */,
				F91B7B121E96EE7C00EB37DD /* Main.storyboard in Resources */,
			);
			runOnlyForDeploymentPostprocessing = 0;
		};
/* End PBXResourcesBuildPhase section */

/* Begin PBXSourcesBuildPhase section */
		F91B7B051E96EE7C00EB37DD /* Sources */ = {
			isa = PBXSourcesBuildPhase;
			buildActionMask = 2147483647;
			files = (
				F91B7B0F1E96EE7C00EB37DD /* ViewController.swift in Sources */,
				F91B7B0D1E96EE7C00EB37DD /* AppDelegate.swift in Sources */,
			);
			runOnlyForDeploymentPostprocessing = 0;
		};
/* End PBXSourcesBuildPhase section */

/* Begin PBXVariantGroup section */
		F91B7B101E96EE7C00EB37DD /* Main.storyboard */ = {
			isa = PBXVariantGroup;
			children = (
				F91B7B111E96EE7C00EB37DD /* Base */,
			);
			name = Main.storyboard;
			sourceTree = "<group>";
		};
		F91B7B151E96EE7C00EB37DD /* LaunchScreen.storyboard */ = {
			isa = PBXVariantGroup;
			children = (
				F91B7B161E96EE7C00EB37DD /* Base */,
			);
			name = LaunchScreen.storyboard;
			sourceTree = "<group>";
		};
/* End PBXVariantGroup section */

/* Begin XCBuildConfiguration section */
		F91B7B191E96EE7C00EB37DD /* Debug */ = {
			isa = XCBuildConfiguration;
			buildSettings = {
				ALWAYS_SEARCH_USER_PATHS = NO;
				CLANG_ANALYZER_NONNULL = YES;
				CLANG_CXX_LANGUAGE_STANDARD = "gnu++0x";
				CLANG_CXX_LIBRARY = "libc++";
				CLANG_ENABLE_MODULES = YES;
				CLANG_ENABLE_OBJC_ARC = YES;
				CLANG_WARN_BOOL_CONVERSION = YES;
				CLANG_WARN_CONSTANT_CONVERSION = YES;
				CLANG_WARN_DIRECT_OBJC_ISA_USAGE = YES_ERROR;
				CLANG_WARN_DOCUMENTATION_COMMENTS = YES;
				CLANG_WARN_EMPTY_BODY = YES;
				CLANG_WARN_ENUM_CONVERSION = YES;
				CLANG_WARN_INFINITE_RECURSION = YES;
				CLANG_WARN_INT_CONVERSION = YES;
				CLANG_WARN_OBJC_ROOT_CLASS = YES_ERROR;
				CLANG_WARN_SUSPICIOUS_MOVE = YES;
				CLANG_WARN_UNREACHABLE_CODE = YES;
				CLANG_WARN__DUPLICATE_METHOD_MATCH = YES;
				"CODE_SIGN_IDENTITY[sdk=iphoneos*]" = "iPhone Developer";
				COPY_PHASE_STRIP = NO;
				DEBUG_INFORMATION_FORMAT = dwarf;
				ENABLE_STRICT_OBJC_MSGSEND = YES;
				ENABLE_TESTABILITY = YES;
				GCC_C_LANGUAGE_STANDARD = gnu99;
				GCC_DYNAMIC_NO_PIC = NO;
				GCC_NO_COMMON_BLOCKS = YES;
				GCC_OPTIMIZATION_LEVEL = 0;
				GCC_PREPROCESSOR_DEFINITIONS = (
					"DEBUG=1",
					"$(inherited)",
				);
				GCC_WARN_64_TO_32_BIT_CONVERSION = YES;
				GCC_WARN_ABOUT_RETURN_TYPE = YES_ERROR;
				GCC_WARN_UNDECLARED_SELECTOR = YES;
				GCC_WARN_UNINITIALIZED_AUTOS = YES_AGGRESSIVE;
				GCC_WARN_UNUSED_FUNCTION = YES;
				GCC_WARN_UNUSED_VARIABLE = YES;
				IPHONEOS_DEPLOYMENT_TARGET = 10.2;
				MTL_ENABLE_DEBUG_INFO = YES;
				ONLY_ACTIVE_ARCH = YES;
				SDKROOT = iphoneos;
				SWIFT_ACTIVE_COMPILATION_CONDITIONS = DEBUG;
				SWIFT_OPTIMIZATION_LEVEL = "-Onone";
				TARGETED_DEVICE_FAMILY = "1,2";
			};
			name = Debug;
		};
		F91B7B1A1E96EE7C00EB37DD /* Release */ = {
			isa = XCBuildConfiguration;
			buildSettings = {
				ALWAYS_SEARCH_USER_PATHS = NO;
				CLANG_ANALYZER_NONNULL = YES;
				CLANG_CXX_LANGUAGE_STANDARD = "gnu++0x";
				CLANG_CXX_LIBRARY = "libc++";
				CLANG_ENABLE_MODULES = YES;
				CLANG_ENABLE_OBJC_ARC = YES;
				CLANG_WARN_BOOL_CONVERSION = YES;
				CLANG_WARN_CONSTANT_CONVERSION = YES;
				CLANG_WARN_DIRECT_OBJC_ISA_USAGE = YES_ERROR;
				CLANG_WARN_DOCUMENTATION_COMMENTS = YES;
				CLANG_WARN_EMPTY_BODY = YES;
				CLANG_WARN_ENUM_CONVERSION = YES;
				CLANG_WARN_INFINITE_RECURSION = YES;
				CLANG_WARN_INT_CONVERSION = YES;
				CLANG_WARN_OBJC_ROOT_CLASS = YES_ERROR;
				CLANG_WARN_SUSPICIOUS_MOVE = YES;
				CLANG_WARN_UNREACHABLE_CODE = YES;
				CLANG_WARN__DUPLICATE_METHOD_MATCH = YES;
				"CODE_SIGN_IDENTITY[sdk=iphoneos*]" = "iPhone Developer";
				COPY_PHASE_STRIP = NO;
				DEBUG_INFORMATION_FORMAT = "dwarf-with-dsym";
				ENABLE_NS_ASSERTIONS = NO;
				ENABLE_STRICT_OBJC_MSGSEND = YES;
				GCC_C_LANGUAGE_STANDARD = gnu99;
				GCC_NO_COMMON_BLOCKS = YES;
				GCC_WARN_64_TO_32_BIT_CONVERSION = YES;
				GCC_WARN_ABOUT_RETURN_TYPE = YES_ERROR;
				GCC_WARN_UNDECLARED_SELECTOR = YES;
				GCC_WARN_UNINITIALIZED_AUTOS = YES_AGGRESSIVE;
				GCC_WARN_UNUSED_FUNCTION = YES;
				GCC_WARN_UNUSED_VARIABLE = YES;
				IPHONEOS_DEPLOYMENT_TARGET = 10.2;
				MTL_ENABLE_DEBUG_INFO = NO;
				SDKROOT = iphoneos;
				SWIFT_OPTIMIZATION_LEVEL = "-Owholemodule";
				TARGETED_DEVICE_FAMILY = "1,2";
				VALIDATE_PRODUCT = YES;
			};
			name = Release;
		};
		F91B7B1C1E96EE7C00EB37DD /* Debug */ = {
			isa = XCBuildConfiguration;
			buildSettings = {
				ASSETCATALOG_COMPILER_APPICON_NAME = AppIcon;
				DEVELOPMENT_TEAM = VLW59PB552;
				INFOPLIST_FILE = Curiosity/Info.plist;
				IPHONEOS_DEPLOYMENT_TARGET = 10.0;
				LD_RUNPATH_SEARCH_PATHS = "$(inherited) @executable_path/Frameworks";
				PRODUCT_BUNDLE_IDENTIFIER = AshokChikkam.Curiosity;
				PRODUCT_NAME = "$(TARGET_NAME)";
				SWIFT_VERSION = 3.0;
			};
			name = Debug;
		};
		F91B7B1D1E96EE7C00EB37DD /* Release */ = {
			isa = XCBuildConfiguration;
			buildSettings = {
				ASSETCATALOG_COMPILER_APPICON_NAME = AppIcon;
				DEVELOPMENT_TEAM = VLW59PB552;
				INFOPLIST_FILE = Curiosity/Info.plist;
				IPHONEOS_DEPLOYMENT_TARGET = 10.0;
				LD_RUNPATH_SEARCH_PATHS = "$(inherited) @executable_path/Frameworks";
				PRODUCT_BUNDLE_IDENTIFIER = AshokChikkam.Curiosity;
				PRODUCT_NAME = "$(TARGET_NAME)";
				SWIFT_VERSION = 3.0;
			};
			name = Release;
		};
/* End XCBuildConfiguration section */

/* Begin XCConfigurationList section */
		F91B7B041E96EE7C00EB37DD /* Build configuration list for PBXProject "Curiosity" */ = {
			isa = XCConfigurationList;
			buildConfigurations = (
				F91B7B191E96EE7C00EB37DD /* Debug */,
				F91B7B1A1E96EE7C00EB37DD /* Release */,
			);
			defaultConfigurationIsVisible = 0;
			defaultConfigurationName = Release;
		};
		F91B7B1B1E96EE7C00EB37DD /* Build configuration list for PBXNativeTarget "Curiosity" */ = {
			isa = XCConfigurationList;
			buildConfigurations = (
				F91B7B1C1E96EE7C00EB37DD /* Debug */,
				F91B7B1D1E96EE7C00EB37DD /* Release */,
			);
			defaultConfigurationIsVisible = 0;
			defaultConfigurationName = Release;
		};
/* End XCConfigurationList section */
	};
	rootObject = F91B7B011E96EE7C00EB37DD /* Project object */;
}
